// !$*UTF8*$!
{
	archiveVersion = 1;
	classes = {
	};
	objectVersion = 56;
	objects = {

/* Begin PBXBuildFile section */
		D23715482A13AB890081C654 /* AppDelegate.swift in Sources */ = {isa = PBXBuildFile; fileRef = D23715472A13AB890081C654 /* AppDelegate.swift */; };
		D237154C2A13AB890081C654 /* LoginViewController.swift in Sources */ = {isa = PBXBuildFile; fileRef = D237154B2A13AB890081C654 /* LoginViewController.swift */; };
		D23715512A13AB8B0081C654 /* Assets.xcassets in Resources */ = {isa = PBXBuildFile; fileRef = D23715502A13AB8B0081C654 /* Assets.xcassets */; };
		D23715542A13AB8B0081C654 /* LaunchScreen.storyboard in Resources */ = {isa = PBXBuildFile; fileRef = D23715522A13AB8B0081C654 /* LaunchScreen.storyboard */; };
		D237155E2A13ADE80081C654 /* LoginView.swift in Sources */ = {isa = PBXBuildFile; fileRef = D237155D2A13ADE80081C654 /* LoginView.swift */; };
		D23715612A14A7450081C654 /* OnboardingContainerViewController.swift in Sources */ = {isa = PBXBuildFile; fileRef = D23715602A14A7450081C654 /* OnboardingContainerViewController.swift */; };
		D23715632A14ABFC0081C654 /* OnboardingViewContoller.swift in Sources */ = {isa = PBXBuildFile; fileRef = D23715622A14ABFC0081C654 /* OnboardingViewContoller.swift */; };
		D23715672A14E7B60081C654 /* DummyViewController.swift in Sources */ = {isa = PBXBuildFile; fileRef = D23715662A14E7B60081C654 /* DummyViewController.swift */; };
		D237156A2A14F3D00081C654 /* LocalState.swift in Sources */ = {isa = PBXBuildFile; fileRef = D23715692A14F3D00081C654 /* LocalState.swift */; };
		D23715742A160C930081C654 /* FlowLayout.swift in Sources */ = {isa = PBXBuildFile; fileRef = D23715732A160C930081C654 /* FlowLayout.swift */; };
		D23715762A16720F0081C654 /* UIViewController+Utils.swift in Sources */ = {isa = PBXBuildFile; fileRef = D23715752A16720F0081C654 /* UIViewController+Utils.swift */; };
		D23715782A1673D60081C654 /* MainViewController.swift in Sources */ = {isa = PBXBuildFile; fileRef = D23715772A1673D60081C654 /* MainViewController.swift */; };
/* End PBXBuildFile section */

/* Begin PBXFileReference section */
		D23715442A13AB890081C654 /* FlashCardApp.app */ = {isa = PBXFileReference; explicitFileType = wrapper.application; includeInIndex = 0; path = FlashCardApp.app; sourceTree = BUILT_PRODUCTS_DIR; };
		D23715472A13AB890081C654 /* AppDelegate.swift */ = {isa = PBXFileReference; lastKnownFileType = sourcecode.swift; path = AppDelegate.swift; sourceTree = "<group>"; };
		D237154B2A13AB890081C654 /* LoginViewController.swift */ = {isa = PBXFileReference; lastKnownFileType = sourcecode.swift; path = LoginViewController.swift; sourceTree = "<group>"; };
		D23715502A13AB8B0081C654 /* Assets.xcassets */ = {isa = PBXFileReference; lastKnownFileType = folder.assetcatalog; path = Assets.xcassets; sourceTree = "<group>"; };
		D23715532A13AB8B0081C654 /* Base */ = {isa = PBXFileReference; lastKnownFileType = file.storyboard; name = Base; path = Base.lproj/LaunchScreen.storyboard; sourceTree = "<group>"; };
		D23715552A13AB8B0081C654 /* Info.plist */ = {isa = PBXFileReference; lastKnownFileType = text.plist.xml; path = Info.plist; sourceTree = "<group>"; };
		D237155D2A13ADE80081C654 /* LoginView.swift */ = {isa = PBXFileReference; lastKnownFileType = sourcecode.swift; path = LoginView.swift; sourceTree = "<group>"; };
		D23715602A14A7450081C654 /* OnboardingContainerViewController.swift */ = {isa = PBXFileReference; lastKnownFileType = sourcecode.swift; path = OnboardingContainerViewController.swift; sourceTree = "<group>"; };
		D23715622A14ABFC0081C654 /* OnboardingViewContoller.swift */ = {isa = PBXFileReference; lastKnownFileType = sourcecode.swift; path = OnboardingViewContoller.swift; sourceTree = "<group>"; };
		D23715662A14E7B60081C654 /* DummyViewController.swift */ = {isa = PBXFileReference; lastKnownFileType = sourcecode.swift; path = DummyViewController.swift; sourceTree = "<group>"; };
		D23715692A14F3D00081C654 /* LocalState.swift */ = {isa = PBXFileReference; lastKnownFileType = sourcecode.swift; path = LocalState.swift; sourceTree = "<group>"; };
		D23715732A160C930081C654 /* FlowLayout.swift */ = {isa = PBXFileReference; lastKnownFileType = sourcecode.swift; path = FlowLayout.swift; sourceTree = "<group>"; };
		D23715752A16720F0081C654 /* UIViewController+Utils.swift */ = {isa = PBXFileReference; lastKnownFileType = sourcecode.swift; path = "UIViewController+Utils.swift"; sourceTree = "<group>"; };
		D23715772A1673D60081C654 /* MainViewController.swift */ = {isa = PBXFileReference; lastKnownFileType = sourcecode.swift; path = MainViewController.swift; sourceTree = "<group>"; };
/* End PBXFileReference section */

/* Begin PBXFrameworksBuildPhase section */
		D23715412A13AB890081C654 /* Frameworks */ = {
			isa = PBXFrameworksBuildPhase;
			buildActionMask = 2147483647;
			files = (
			);
			runOnlyForDeploymentPostprocessing = 0;
		};
/* End PBXFrameworksBuildPhase section */

/* Begin PBXGroup section */
		D237153B2A13AB890081C654 = {
			isa = PBXGroup;
			children = (
				D23715462A13AB890081C654 /* FlashCardApp */,
				D23715682A14F3BB0081C654 /* Utils */,
				D237155B2A13AD4C0081C654 /* Files */,
				D23715452A13AB890081C654 /* Products */,
			);
			sourceTree = "<group>";
		};
		D23715452A13AB890081C654 /* Products */ = {
			isa = PBXGroup;
			children = (
				D23715442A13AB890081C654 /* FlashCardApp.app */,
			);
			name = Products;
			sourceTree = "<group>";
		};
		D23715462A13AB890081C654 /* FlashCardApp */ = {
			isa = PBXGroup;
			children = (
				D23715472A13AB890081C654 /* AppDelegate.swift */,
				D23715732A160C930081C654 /* FlowLayout.swift */,
				D23715772A1673D60081C654 /* MainViewController.swift */,
				D237155C2A13ADB30081C654 /* Login */,
				D237155F2A14A7240081C654 /* Onboarding */,
			);
			path = FlashCardApp;
			sourceTree = "<group>";
		};
		D237155B2A13AD4C0081C654 /* Files */ = {
			isa = PBXGroup;
			children = (
				D23715502A13AB8B0081C654 /* Assets.xcassets */,
				D23715522A13AB8B0081C654 /* LaunchScreen.storyboard */,
				D23715552A13AB8B0081C654 /* Info.plist */,
			);
			name = Files;
			path = FlashCardApp;
			sourceTree = "<group>";
		};
		D237155C2A13ADB30081C654 /* Login */ = {
			isa = PBXGroup;
			children = (
				D237155D2A13ADE80081C654 /* LoginView.swift */,
				D237154B2A13AB890081C654 /* LoginViewController.swift */,
				D23715662A14E7B60081C654 /* DummyViewController.swift */,
			);
			name = Login;
			sourceTree = "<group>";
		};
		D237155F2A14A7240081C654 /* Onboarding */ = {
			isa = PBXGroup;
			children = (
				D23715602A14A7450081C654 /* OnboardingContainerViewController.swift */,
				D23715622A14ABFC0081C654 /* OnboardingViewContoller.swift */,
			);
			name = Onboarding;
			sourceTree = "<group>";
		};
		D23715682A14F3BB0081C654 /* Utils */ = {
			isa = PBXGroup;
			children = (
				D23715692A14F3D00081C654 /* LocalState.swift */,
				D23715752A16720F0081C654 /* UIViewController+Utils.swift */,
			);
			name = Utils;
			path = FlashCardApp;
			sourceTree = "<group>";
		};
/* End PBXGroup section */

/* Begin PBXNativeTarget section */
		D23715432A13AB890081C654 /* FlashCardApp */ = {
			isa = PBXNativeTarget;
			buildConfigurationList = D23715582A13AB8B0081C654 /* Build configuration list for PBXNativeTarget "FlashCardApp" */;
			buildPhases = (
				D23715402A13AB890081C654 /* Sources */,
				D23715412A13AB890081C654 /* Frameworks */,
				D23715422A13AB890081C654 /* Resources */,
			);
			buildRules = (
			);
			dependencies = (
			);
			name = FlashCardApp;
			productName = FlashCardApp;
			productReference = D23715442A13AB890081C654 /* FlashCardApp.app */;
			productType = "com.apple.product-type.application";
		};
/* End PBXNativeTarget section */

/* Begin PBXProject section */
		D237153C2A13AB890081C654 /* Project object */ = {
			isa = PBXProject;
			attributes = {
				BuildIndependentTargetsInParallel = 1;
				LastSwiftUpdateCheck = 1430;
				LastUpgradeCheck = 1430;
				TargetAttributes = {
					D23715432A13AB890081C654 = {
						CreatedOnToolsVersion = 14.3;
					};
				};
			};
			buildConfigurationList = D237153F2A13AB890081C654 /* Build configuration list for PBXProject "FlashCardApp" */;
			compatibilityVersion = "Xcode 14.0";
			developmentRegion = en;
			hasScannedForEncodings = 0;
			knownRegions = (
				en,
				Base,
			);
			mainGroup = D237153B2A13AB890081C654;
			productRefGroup = D23715452A13AB890081C654 /* Products */;
			projectDirPath = "";
			projectRoot = "";
			targets = (
				D23715432A13AB890081C654 /* FlashCardApp */,
			);
		};
/* End PBXProject section */

/* Begin PBXResourcesBuildPhase section */
		D23715422A13AB890081C654 /* Resources */ = {
			isa = PBXResourcesBuildPhase;
			buildActionMask = 2147483647;
			files = (
				D23715542A13AB8B0081C654 /* LaunchScreen.storyboard in Resources */,
				D23715512A13AB8B0081C654 /* Assets.xcassets in Resources */,
			);
			runOnlyForDeploymentPostprocessing = 0;
		};
/* End PBXResourcesBuildPhase section */

/* Begin PBXSourcesBuildPhase section */
		D23715402A13AB890081C654 /* Sources */ = {
			isa = PBXSourcesBuildPhase;
			buildActionMask = 2147483647;
			files = (
				D237155E2A13ADE80081C654 /* LoginView.swift in Sources */,
				D23715742A160C930081C654 /* FlowLayout.swift in Sources */,
				D23715762A16720F0081C654 /* UIViewController+Utils.swift in Sources */,
				D237156A2A14F3D00081C654 /* LocalState.swift in Sources */,
				D23715672A14E7B60081C654 /* DummyViewController.swift in Sources */,
				D237154C2A13AB890081C654 /* LoginViewController.swift in Sources */,
				D23715482A13AB890081C654 /* AppDelegate.swift in Sources */,
				D23715632A14ABFC0081C654 /* OnboardingViewContoller.swift in Sources */,
				D23715612A14A7450081C654 /* OnboardingContainerViewController.swift in Sources */,
				D23715782A1673D60081C654 /* MainViewController.swift in Sources */,
			);
			runOnlyForDeploymentPostprocessing = 0;
		};
/* End PBXSourcesBuildPhase section */

/* Begin PBXVariantGroup section */
		D23715522A13AB8B0081C654 /* LaunchScreen.storyboard */ = {
			isa = PBXVariantGroup;
			children = (
				D23715532A13AB8B0081C654 /* Base */,
			);
			name = LaunchScreen.storyboard;
			sourceTree = "<group>";
		};
/* End PBXVariantGroup section */

/* Begin XCBuildConfiguration section */
		D23715562A13AB8B0081C654 /* Debug */ = {
			isa = XCBuildConfiguration;
			buildSettings = {
				ALWAYS_SEARCH_USER_PATHS = NO;
				CLANG_ANALYZER_NONNULL = YES;
				CLANG_ANALYZER_NUMBER_OBJECT_CONVERSION = YES_AGGRESSIVE;
				CLANG_CXX_LANGUAGE_STANDARD = "gnu++20";
				CLANG_ENABLE_MODULES = YES;
				CLANG_ENABLE_OBJC_ARC = YES;
				CLANG_ENABLE_OBJC_WEAK = YES;
				CLANG_WARN_BLOCK_CAPTURE_AUTORELEASING = YES;
				CLANG_WARN_BOOL_CONVERSION = YES;
				CLANG_WARN_COMMA = YES;
				CLANG_WARN_CONSTANT_CONVERSION = YES;
				CLANG_WARN_DEPRECATED_OBJC_IMPLEMENTATIONS = YES;
				CLANG_WARN_DIRECT_OBJC_ISA_USAGE = YES_ERROR;
				CLANG_WARN_DOCUMENTATION_COMMENTS = YES;
				CLANG_WARN_EMPTY_BODY = YES;
				CLANG_WARN_ENUM_CONVERSION = YES;
				CLANG_WARN_INFINITE_RECURSION = YES;
				CLANG_WARN_INT_CONVERSION = YES;
				CLANG_WARN_NON_LITERAL_NULL_CONVERSION = YES;
				CLANG_WARN_OBJC_IMPLICIT_RETAIN_SELF = YES;
				CLANG_WARN_OBJC_LITERAL_CONVERSION = YES;
				CLANG_WARN_OBJC_ROOT_CLASS = YES_ERROR;
				CLANG_WARN_QUOTED_INCLUDE_IN_FRAMEWORK_HEADER = YES;
				CLANG_WARN_RANGE_LOOP_ANALYSIS = YES;
				CLANG_WARN_STRICT_PROTOTYPES = YES;
				CLANG_WARN_SUSPICIOUS_MOVE = YES;
				CLANG_WARN_UNGUARDED_AVAILABILITY = YES_AGGRESSIVE;
				CLANG_WARN_UNREACHABLE_CODE = YES;
				CLANG_WARN__DUPLICATE_METHOD_MATCH = YES;
				COPY_PHASE_STRIP = NO;
				DEBUG_INFORMATION_FORMAT = dwarf;
				ENABLE_STRICT_OBJC_MSGSEND = YES;
				ENABLE_TESTABILITY = YES;
				GCC_C_LANGUAGE_STANDARD = gnu11;
				GCC_DYNAMIC_NO_PIC = NO;
				GCC_NO_COMMON_BLOCKS = YES;
				GCC_OPTIMIZATION_LEVEL = 0;
				GCC_PREPROCESSOR_DEFINITIONS = (
					"DEBUG=1",
					"$(inherited)",
				);
				GCC_WARN_64_TO_32_BIT_CONVERSION = YES;
				GCC_WARN_ABOUT_RETURN_TYPE = YES_ERROR;
				GCC_WARN_UNDECLARED_SELECTOR = YES;
				GCC_WARN_UNINITIALIZED_AUTOS = YES_AGGRESSIVE;
				GCC_WARN_UNUSED_FUNCTION = YES;
				GCC_WARN_UNUSED_VARIABLE = YES;
				IPHONEOS_DEPLOYMENT_TARGET = 16.4;
				MTL_ENABLE_DEBUG_INFO = INCLUDE_SOURCE;
				MTL_FAST_MATH = YES;
				ONLY_ACTIVE_ARCH = YES;
				SDKROOT = iphoneos;
				SWIFT_ACTIVE_COMPILATION_CONDITIONS = DEBUG;
				SWIFT_OPTIMIZATION_LEVEL = "-Onone";
			};
			name = Debug;
		};
		D23715572A13AB8B0081C654 /* Release */ = {
			isa = XCBuildConfiguration;
			buildSettings = {
				ALWAYS_SEARCH_USER_PATHS = NO;
				CLANG_ANALYZER_NONNULL = YES;
				CLANG_ANALYZER_NUMBER_OBJECT_CONVERSION = YES_AGGRESSIVE;
				CLANG_CXX_LANGUAGE_STANDARD = "gnu++20";
				CLANG_ENABLE_MODULES = YES;
				CLANG_ENABLE_OBJC_ARC = YES;
				CLANG_ENABLE_OBJC_WEAK = YES;
				CLANG_WARN_BLOCK_CAPTURE_AUTORELEASING = YES;
				CLANG_WARN_BOOL_CONVERSION = YES;
				CLANG_WARN_COMMA = YES;
				CLANG_WARN_CONSTANT_CONVERSION = YES;
				CLANG_WARN_DEPRECATED_OBJC_IMPLEMENTATIONS = YES;
				CLANG_WARN_DIRECT_OBJC_ISA_USAGE = YES_ERROR;
				CLANG_WARN_DOCUMENTATION_COMMENTS = YES;
				CLANG_WARN_EMPTY_BODY = YES;
				CLANG_WARN_ENUM_CONVERSION = YES;
				CLANG_WARN_INFINITE_RECURSION = YES;
				CLANG_WARN_INT_CONVERSION = YES;
				CLANG_WARN_NON_LITERAL_NULL_CONVERSION = YES;
				CLANG_WARN_OBJC_IMPLICIT_RETAIN_SELF = YES;
				CLANG_WARN_OBJC_LITERAL_CONVERSION = YES;
				CLANG_WARN_OBJC_ROOT_CLASS = YES_ERROR;
				CLANG_WARN_QUOTED_INCLUDE_IN_FRAMEWORK_HEADER = YES;
				CLANG_WARN_RANGE_LOOP_ANALYSIS = YES;
				CLANG_WARN_STRICT_PROTOTYPES = YES;
				CLANG_WARN_SUSPICIOUS_MOVE = YES;
				CLANG_WARN_UNGUARDED_AVAILABILITY = YES_AGGRESSIVE;
				CLANG_WARN_UNREACHABLE_CODE = YES;
				CLANG_WARN__DUPLICATE_METHOD_MATCH = YES;
				COPY_PHASE_STRIP = NO;
				DEBUG_INFORMATION_FORMAT = "dwarf-with-dsym";
				ENABLE_NS_ASSERTIONS = NO;
				ENABLE_STRICT_OBJC_MSGSEND = YES;
				GCC_C_LANGUAGE_STANDARD = gnu11;
				GCC_NO_COMMON_BLOCKS = YES;
				GCC_WARN_64_TO_32_BIT_CONVERSION = YES;
				GCC_WARN_ABOUT_RETURN_TYPE = YES_ERROR;
				GCC_WARN_UNDECLARED_SELECTOR = YES;
				GCC_WARN_UNINITIALIZED_AUTOS = YES_AGGRESSIVE;
				GCC_WARN_UNUSED_FUNCTION = YES;
				GCC_WARN_UNUSED_VARIABLE = YES;
				IPHONEOS_DEPLOYMENT_TARGET = 16.4;
				MTL_ENABLE_DEBUG_INFO = NO;
				MTL_FAST_MATH = YES;
				SDKROOT = iphoneos;
				SWIFT_COMPILATION_MODE = wholemodule;
				SWIFT_OPTIMIZATION_LEVEL = "-O";
				VALIDATE_PRODUCT = YES;
			};
			name = Release;
		};
		D23715592A13AB8B0081C654 /* Debug */ = {
			isa = XCBuildConfiguration;
			buildSettings = {
				ASSETCATALOG_COMPILER_APPICON_NAME = AppIcon;
				ASSETCATALOG_COMPILER_GLOBAL_ACCENT_COLOR_NAME = AccentColor;
				CODE_SIGN_STYLE = Automatic;
				CURRENT_PROJECT_VERSION = 1;
				GENERATE_INFOPLIST_FILE = YES;
				INFOPLIST_FILE = FlashCardApp/Info.plist;
				INFOPLIST_KEY_UIApplicationSupportsIndirectInputEvents = YES;
				INFOPLIST_KEY_UILaunchStoryboardName = LaunchScreen;
				INFOPLIST_KEY_UISupportedInterfaceOrientations_iPad = "UIInterfaceOrientationPortrait UIInterfaceOrientationPortraitUpsideDown UIInterfaceOrientationLandscapeLeft UIInterfaceOrientationLandscapeRight";
				INFOPLIST_KEY_UISupportedInterfaceOrientations_iPhone = "UIInterfaceOrientationPortrait UIInterfaceOrientationLandscapeLeft UIInterfaceOrientationLandscapeRight";
				LD_RUNPATH_SEARCH_PATHS = (
					"$(inherited)",
					"@executable_path/Frameworks",
				);
				MARKETING_VERSION = 1.0;
				PRODUCT_BUNDLE_IDENTIFIER = me.FlashCardApp;
				PRODUCT_NAME = "$(TARGET_NAME)";
				SWIFT_EMIT_LOC_STRINGS = YES;
				SWIFT_VERSION = 5.0;
				TARGETED_DEVICE_FAMILY = "1,2";
			};
			name = Debug;
		};
		D237155A2A13AB8B0081C654 /* Release */ = {
			isa = XCBuildConfiguration;
			buildSettings = {
				ASSETCATALOG_COMPILER_APPICON_NAME = AppIcon;
				ASSETCATALOG_COMPILER_GLOBAL_ACCENT_COLOR_NAME = AccentColor;
				CODE_SIGN_STYLE = Automatic;
				CURRENT_PROJECT_VERSION = 1;
				GENERATE_INFOPLIST_FILE = YES;
				INFOPLIST_FILE = FlashCardApp/Info.plist;
				INFOPLIST_KEY_UIApplicationSupportsIndirectInputEvents = YES;
				INFOPLIST_KEY_UILaunchStoryboardName = LaunchScreen;
				INFOPLIST_KEY_UISupportedInterfaceOrientations_iPad = "UIInterfaceOrientationPortrait UIInterfaceOrientationPortraitUpsideDown UIInterfaceOrientationLandscapeLeft UIInterfaceOrientationLandscapeRight";
				INFOPLIST_KEY_UISupportedInterfaceOrientations_iPhone = "UIInterfaceOrientationPortrait UIInterfaceOrientationLandscapeLeft UIInterfaceOrientationLandscapeRight";
				LD_RUNPATH_SEARCH_PATHS = (
					"$(inherited)",
					"@executable_path/Frameworks",
				);
				MARKETING_VERSION = 1.0;
				PRODUCT_BUNDLE_IDENTIFIER = me.FlashCardApp;
				PRODUCT_NAME = "$(TARGET_NAME)";
				SWIFT_EMIT_LOC_STRINGS = YES;
				SWIFT_VERSION = 5.0;
				TARGETED_DEVICE_FAMILY = "1,2";
			};
			name = Release;
		};
/* End XCBuildConfiguration section */

/* Begin XCConfigurationList section */
		D237153F2A13AB890081C654 /* Build configuration list for PBXProject "FlashCardApp" */ = {
			isa = XCConfigurationList;
			buildConfigurations = (
				D23715562A13AB8B0081C654 /* Debug */,
				D23715572A13AB8B0081C654 /* Release */,
			);
			defaultConfigurationIsVisible = 0;
			defaultConfigurationName = Release;
		};
		D23715582A13AB8B0081C654 /* Build configuration list for PBXNativeTarget "FlashCardApp" */ = {
			isa = XCConfigurationList;
			buildConfigurations = (
				D23715592A13AB8B0081C654 /* Debug */,
				D237155A2A13AB8B0081C654 /* Release */,
			);
			defaultConfigurationIsVisible = 0;
			defaultConfigurationName = Release;
		};
/* End XCConfigurationList section */
	};
	rootObject = D237153C2A13AB890081C654 /* Project object */;
}
